
Microsoft Visual Studio Solution File, Format Version 12.00
Project("{FAE04EC0-301F-11D3-BF4B-00C04F79EFBC}") = "Sms.Test.Service", "Sms.Test.Service\Sms.Test.Service.csproj", "{2F695C69-0379-4FB3-8221-43EEA69FAA99}"
EndProject
Project("{FAE04EC0-301F-11D3-BF4B-00C04F79EFBC}") = "Sms.Test.ConsoleApp", "Sms.Test.ConsoleApp\Sms.Test.ConsoleApp.csproj", "{78AC8883-1763-4489-824E-8667CDE80AFA}"
EndProject
Project("{FAE04EC0-301F-11D3-BF4B-00C04F79EFBC}") = "Sms.Test.DesktopApp", "Sms.Test.DesktopApp\Sms.Test.DesktopApp.csproj", "{1049DB68-A2C0-4B29-B229-8F3A6E1C7048}"
EndProject
Project("{FAE04EC0-301F-11D3-BF4B-00C04F79EFBC}") = "Sms.Test.WebApi", "Sms.Test.WebApi\Sms.Test.WebApi.csproj", "{5AF7401C-25A5-4A7F-91E2-FD67B996906F}"
EndProject
Global
	GlobalSection(SolutionConfigurationPlatforms) = preSolution
		Debug|Any CPU = Debug|Any CPU
		Release|Any CPU = Release|Any CPU
	EndGlobalSection
	GlobalSection(ProjectConfigurationPlatforms) = postSolution
		{2F695C69-0379-4FB3-8221-43EEA69FAA99}.Debug|Any CPU.ActiveCfg = Debug|Any CPU
		{2F695C69-0379-4FB3-8221-43EEA69FAA99}.Debug|Any CPU.Build.0 = Debug|Any CPU
		{2F695C69-0379-4FB3-8221-43EEA69FAA99}.Release|Any CPU.ActiveCfg = Release|Any CPU
		{2F695C69-0379-4FB3-8221-43EEA69FAA99}.Release|Any CPU.Build.0 = Release|Any CPU
		{78AC8883-1763-4489-824E-8667CDE80AFA}.Debug|Any CPU.ActiveCfg = Debug|Any CPU
		{78AC8883-1763-4489-824E-8667CDE80AFA}.Debug|Any CPU.Build.0 = Debug|Any CPU
		{78AC8883-1763-4489-824E-8667CDE80AFA}.Release|Any CPU.ActiveCfg = Release|Any CPU
		{78AC8883-1763-4489-824E-8667CDE80AFA}.Release|Any CPU.Build.0 = Release|Any CPU
		{1049DB68-A2C0-4B29-B229-8F3A6E1C7048}.Debug|Any CPU.ActiveCfg = Debug|Any CPU
		{1049DB68-A2C0-4B29-B229-8F3A6E1C7048}.Debug|Any CPU.Build.0 = Debug|Any CPU
		{1049DB68-A2C0-4B29-B229-8F3A6E1C7048}.Release|Any CPU.ActiveCfg = Release|Any CPU
		{1049DB68-A2C0-4B29-B229-8F3A6E1C7048}.Release|Any CPU.Build.0 = Release|Any CPU
		{5AF7401C-25A5-4A7F-91E2-FD67B996906F}.Debug|Any CPU.ActiveCfg = Debug|Any CPU
		{5AF7401C-25A5-4A7F-91E2-FD67B996906F}.Debug|Any CPU.Build.0 = Debug|Any CPU
		{5AF7401C-25A5-4A7F-91E2-FD67B996906F}.Release|Any CPU.ActiveCfg = Release|Any CPU
		{5AF7401C-25A5-4A7F-91E2-FD67B996906F}.Release|Any CPU.Build.0 = Release|Any CPU
	EndGlobalSection
EndGlobal
